{
  "name": "script4data",
  "version": "1.0.0",
  "lockfileVersion": 1,
  "requires": true,
  "dependencies": {
    "adler-32": {
      "version": "1.1.0",
      "resolved": "https://registry.npmjs.org/adler-32/-/adler-32-1.1.0.tgz",
      "integrity": "sha1-A1UaXH8O371PyPoSpoFJeOq2UcM=",
      "requires": {
        "exit-on-epipe": "1.0.1",
        "printj": "1.1.0"
      }
    },
    "cfb": {
      "version": "1.0.0",
      "resolved": "https://registry.npmjs.org/cfb/-/cfb-1.0.0.tgz",
      "integrity": "sha512-nDzEYhfR9kqwcRrnAPQnPbisPorodhkJTkMS2QG12y9kHNXnF+8ByWFLyqxbVfry1jWuXlT1PCK11+MOS8uGKg==",
      "requires": {
        "commander": "2.11.0",
        "printj": "1.1.0"
      }
    },
    "codepage": {
      "version": "1.3.8",
      "resolved": "https://registry.npmjs.org/codepage/-/codepage-1.3.8.tgz",
      "integrity": "sha1-Ty5dfAl13ij4hJgFjcta/KtqX3E=",
      "requires": {
        "commander": "2.11.0",
        "concat-stream": "1.6.0",
        "voc": "1.0.0"
      }
    },
    "colors": {
      "version": "0.6.2",
      "resolved": "https://registry.npmjs.org/colors/-/colors-0.6.2.tgz",
      "integrity": "sha1-JCP+ZnisDF2uiFLl0OW+CMmXq8w="
    },
    "commander": {
      "version": "2.11.0",
      "resolved": "https://registry.npmjs.org/commander/-/commander-2.11.0.tgz",
      "integrity": "sha512-b0553uYA5YAEGgyYIGYROzKQ7X5RAqedkfjiZxwi0kL1g3bOaBNNZfYkzt/CL0umgD5wc9Jec2FbB98CjkMRvQ=="
    },
    "concat-stream": {
      "version": "1.6.0",
      "resolved": "https://registry.npmjs.org/concat-stream/-/concat-stream-1.6.0.tgz",
      "integrity": "sha1-CqxmL9Ur54lk1VMvaUeE5wEQrPc=",
      "requires": {
        "inherits": "2.0.3",
        "readable-stream": "2.3.3",
        "typedarray": "0.0.6"
      }
    },
    "core-util-is": {
      "version": "1.0.2",
      "resolved": "https://registry.npmjs.org/core-util-is/-/core-util-is-1.0.2.tgz",
      "integrity": "sha1-tf1UIgqivFq1eqtxQMlAdUUDwac="
    },
    "crc-32": {
      "version": "1.1.1",
      "resolved": "https://registry.npmjs.org/crc-32/-/crc-32-1.1.1.tgz",
      "integrity": "sha1-XXOdXkxuNSrYME1zIj1IP+Va240=",
      "requires": {
        "exit-on-epipe": "1.0.1",
        "printj": "1.1.0"
      }
    },
    "csv": {
      "version": "0.3.7",
      "resolved": "https://registry.npmjs.org/csv/-/csv-0.3.7.tgz",
      "integrity": "sha1-pPijY/AHLNFVGB5rtJvVjlSXsxw="
    },
    "exit-on-epipe": {
      "version": "1.0.1",
      "resolved": "https://registry.npmjs.org/exit-on-epipe/-/exit-on-epipe-1.0.1.tgz",
      "integrity": "sha512-h2z5mrROTxce56S+pnvAV890uu7ls7f1kEvVGJbw1OlFH3/mlJ5bkXu0KRyW94v37zzHPiUd55iLn3DA7TjWpw=="
    },
    "frac": {
      "version": "0.3.1",
      "resolved": "https://registry.npmjs.org/frac/-/frac-0.3.1.tgz",
      "integrity": "sha1-V3Z3t/3L5vr3xGHxgB00E3zaQ1Q="
    },
    "inherits": {
      "version": "2.0.3",
      "resolved": "https://registry.npmjs.org/inherits/-/inherits-2.0.3.tgz",
      "integrity": "sha1-Yzwsg+PaQqUC9SRmAiSA9CCCYd4="
    },
    "isarray": {
      "version": "1.0.0",
      "resolved": "https://registry.npmjs.org/isarray/-/isarray-1.0.0.tgz",
      "integrity": "sha1-u5NdSFgsuhaMBoNJV6VKPgcSTxE="
    },
    "jszip": {
      "version": "2.4.0",
      "resolved": "https://registry.npmjs.org/jszip/-/jszip-2.4.0.tgz",
      "integrity": "sha1-SHqTt2w7/6bLCFzWHrk06r4tKU8=",
      "requires": {
        "pako": "0.2.9"
      }
    },
    "lodash": {
      "version": "4.17.4",
      "resolved": "https://registry.npmjs.org/lodash/-/lodash-4.17.4.tgz",
      "integrity": "sha1-eCA6TRwyiuHYbcpkYONptX9AVa4="
    },
    "pako": {
      "version": "0.2.9",
      "resolved": "https://registry.npmjs.org/pako/-/pako-0.2.9.tgz",
      "integrity": "sha1-8/dSL073gjSNqBYbrZ7P1Rv4OnU="
    },
    "printj": {
      "version": "1.1.0",
      "resolved": "https://registry.npmjs.org/printj/-/printj-1.1.0.tgz",
      "integrity": "sha512-NbiNBOQ0GioHyeD3ni8wZB7ZmfU7mxIrqhWR5XSreX3rUVvk5UOwpzxOnWqrLdCtoBbdQ40sEwC+nXxxjlUo0A=="
    },
    "process-nextick-args": {
      "version": "1.0.7",
      "resolved": "https://registry.npmjs.org/process-nextick-args/-/process-nextick-args-1.0.7.tgz",
      "integrity": "sha1-FQ4gt1ZZCtP5EJPyWk8q2L/zC6M="
    },
    "readable-stream": {
      "version": "2.3.3",
      "resolved": "https://registry.npmjs.org/readable-stream/-/readable-stream-2.3.3.tgz",
      "integrity": "sha512-m+qzzcn7KUxEmd1gMbchF+Y2eIUbieUaxkWtptyHywrX0rE8QEYqPC07Vuy4Wm32/xE16NcdBctb8S0Xe/5IeQ==",
      "requires": {
        "core-util-is": "1.0.2",
        "inherits": "2.0.3",
        "isarray": "1.0.0",
        "process-nextick-args": "1.0.7",
        "safe-buffer": "5.1.1",
        "string_decoder": "1.0.3",
        "util-deprecate": "1.0.2"
      }
    },
    "safe-buffer": {
      "version": "5.1.1",
      "resolved": "https://registry.npmjs.org/safe-buffer/-/safe-buffer-5.1.1.tgz",
      "integrity": "sha512-kKvNJn6Mm93gAczWVJg7wH+wGYWNrDHdWvpUmHyEsgCtIwwo3bqPtV4tR5tuPaUhTOo/kvhVwd8XwwOllGYkbg=="
    },
    "ssf": {
      "version": "0.8.2",
      "resolved": "https://registry.npmjs.org/ssf/-/ssf-0.8.2.tgz",
      "integrity": "sha1-udTcahwbz3b4q/qW19dlb7Kr7NY=",
      "requires": {
        "colors": "0.6.2",
        "frac": "0.3.1",
        "voc": "1.0.0"
      }
    },
    "string_decoder": {
      "version": "1.0.3",
      "resolved": "https://registry.npmjs.org/string_decoder/-/string_decoder-1.0.3.tgz",
      "integrity": "sha512-4AH6Z5fzNNBcH+6XDMfA/BTt87skxqJlO0lAh3Dker5zThcAxG6mKz+iGu308UKoPPQ8Dcqx/4JhujzltRa+hQ==",
      "requires": {
        "safe-buffer": "5.1.1"
      }
    },
    "typedarray": {
      "version": "0.0.6",
      "resolved": "https://registry.npmjs.org/typedarray/-/typedarray-0.0.6.tgz",
      "integrity": "sha1-hnrHTjhkGHsdPUfZlqeOxciDB3c="
    },
    "util-deprecate": {
      "version": "1.0.2",
      "resolved": "https://registry.npmjs.org/util-deprecate/-/util-deprecate-1.0.2.tgz",
      "integrity": "sha1-RQ1Nyfpw3nMnYvvS1KKJgUGaDM8="
    },
    "voc": {
      "version": "1.0.0",
      "resolved": "https://registry.npmjs.org/voc/-/voc-1.0.0.tgz",
      "integrity": "sha512-mQwxWlK+zosxxDTqiFb9ZQBNgd794scgkhVwca7h9sEhvA52f3VzbOK+TOWeS8eSrFXnfuKrxElSPc5oLAetfw=="
    },
    "xls-to-json": {
      "version": "0.4.0",
      "resolved": "https://registry.npmjs.org/xls-to-json/-/xls-to-json-0.4.0.tgz",
      "integrity": "sha1-8tU3FjnKAcuEVnawzGI5QKJUpMY=",
      "requires": {
        "csv": "0.3.7",
        "xlsx": "0.8.0"
      }
    },
    "xlsx": {
      "version": "0.8.0",
      "resolved": "https://registry.npmjs.org/xlsx/-/xlsx-0.8.0.tgz",
      "integrity": "sha1-JTymHJ4eFKpLkF3s5M5HV6zpnSY=",
      "requires": {
        "adler-32": "1.1.0",
        "cfb": "1.0.0",
        "codepage": "1.3.8",
        "commander": "2.11.0",
        "crc-32": "1.1.1",
        "jszip": "2.4.0",
        "ssf": "0.8.2"
      }
    }
  }
}
